
Microsoft Visual Studio Solution File, Format Version 12.00
# Visual Studio Version 17
VisualStudioVersion = 17.8.34525.116
MinimumVisualStudioVersion = 10.0.40219.1
Project("{FAE04EC0-301F-11D3-BF4B-00C04F79EFBC}") = "Hafta4", "Hafta4\Hafta4.csproj", "{C93CCFF4-1E74-47F2-8C98-D68E43AABD78}"
EndProject
Global
	GlobalSection(SolutionConfigurationPlatforms) = preSolution
		Debug|Any CPU = Debug|Any CPU
		Release|Any CPU = Release|Any CPU
	EndGlobalSection
	GlobalSection(ProjectConfigurationPlatforms) = postSolution
		{C93CCFF4-1E74-47F2-8C98-D68E43AABD78}.Debug|Any CPU.ActiveCfg = Debug|Any CPU
		{C93CCFF4-1E74-47F2-8C98-D68E43AABD78}.Debug|Any CPU.Build.0 = Debug|Any CPU
		{C93CCFF4-1E74-47F2-8C98-D68E43AABD78}.Release|Any CPU.ActiveCfg = Release|Any CPU
		{C93CCFF4-1E74-47F2-8C98-D68E43AABD78}.Release|Any CPU.Build.0 = Release|Any CPU
	EndGlobalSection
	GlobalSection(SolutionProperties) = preSolution
		HideSolutionNode = FALSE
	EndGlobalSection
	GlobalSection(ExtensibilityGlobals) = postSolution
		SolutionGuid = {14412BEB-CEFA-4D4D-9BD3-35F1F04F0232}
	EndGlobalSection
EndGlobal
