
Microsoft Visual Studio Solution File, Format Version 12.00
# Visual Studio Version 17
VisualStudioVersion = 17.8.34525.116
MinimumVisualStudioVersion = 10.0.40219.1
Project("{FAE04EC0-301F-11D3-BF4B-00C04F79EFBC}") = "Hafta1_1", "Hafta1_1\Hafta1_1.csproj", "{29788EFC-FF20-471D-85FB-900D2A8ABB99}"
EndProject
Global
	GlobalSection(SolutionConfigurationPlatforms) = preSolution
		Debug|Any CPU = Debug|Any CPU
		Release|Any CPU = Release|Any CPU
	EndGlobalSection
	GlobalSection(ProjectConfigurationPlatforms) = postSolution
		{29788EFC-FF20-471D-85FB-900D2A8ABB99}.Debug|Any CPU.ActiveCfg = Debug|Any CPU
		{29788EFC-FF20-471D-85FB-900D2A8ABB99}.Debug|Any CPU.Build.0 = Debug|Any CPU
		{29788EFC-FF20-471D-85FB-900D2A8ABB99}.Release|Any CPU.ActiveCfg = Release|Any CPU
		{29788EFC-FF20-471D-85FB-900D2A8ABB99}.Release|Any CPU.Build.0 = Release|Any CPU
	EndGlobalSection
	GlobalSection(SolutionProperties) = preSolution
		HideSolutionNode = FALSE
	EndGlobalSection
	GlobalSection(ExtensibilityGlobals) = postSolution
		SolutionGuid = {5C1DBB2B-C805-4BBC-ABD0-BF0693ECFDD9}
	EndGlobalSection
EndGlobal
