
Microsoft Visual Studio Solution File, Format Version 12.00
# Visual Studio Version 17
VisualStudioVersion = 17.8.34525.116
MinimumVisualStudioVersion = 10.0.40219.1
Project("{FAE04EC0-301F-11D3-BF4B-00C04F79EFBC}") = "Odev2", "Odev2\Odev2.csproj", "{A5DB9725-4938-4418-B353-8CB4F06E07A4}"
EndProject
Global
	GlobalSection(SolutionConfigurationPlatforms) = preSolution
		Debug|Any CPU = Debug|Any CPU
		Release|Any CPU = Release|Any CPU
	EndGlobalSection
	GlobalSection(ProjectConfigurationPlatforms) = postSolution
		{A5DB9725-4938-4418-B353-8CB4F06E07A4}.Debug|Any CPU.ActiveCfg = Debug|Any CPU
		{A5DB9725-4938-4418-B353-8CB4F06E07A4}.Debug|Any CPU.Build.0 = Debug|Any CPU
		{A5DB9725-4938-4418-B353-8CB4F06E07A4}.Release|Any CPU.ActiveCfg = Release|Any CPU
		{A5DB9725-4938-4418-B353-8CB4F06E07A4}.Release|Any CPU.Build.0 = Release|Any CPU
	EndGlobalSection
	GlobalSection(SolutionProperties) = preSolution
		HideSolutionNode = FALSE
	EndGlobalSection
	GlobalSection(ExtensibilityGlobals) = postSolution
		SolutionGuid = {3A1B63BA-4DFE-437B-867D-90580E177969}
	EndGlobalSection
EndGlobal
