
Microsoft Visual Studio Solution File, Format Version 12.00
# Visual Studio Version 17
VisualStudioVersion = 17.8.34525.116
MinimumVisualStudioVersion = 10.0.40219.1
Project("{FAE04EC0-301F-11D3-BF4B-00C04F79EFBC}") = "Hafta3", "Hafta3\Hafta3.csproj", "{A5FB9829-2A4C-42AB-B5F6-CEAD771B5F65}"
EndProject
Global
	GlobalSection(SolutionConfigurationPlatforms) = preSolution
		Debug|Any CPU = Debug|Any CPU
		Release|Any CPU = Release|Any CPU
	EndGlobalSection
	GlobalSection(ProjectConfigurationPlatforms) = postSolution
		{A5FB9829-2A4C-42AB-B5F6-CEAD771B5F65}.Debug|Any CPU.ActiveCfg = Debug|Any CPU
		{A5FB9829-2A4C-42AB-B5F6-CEAD771B5F65}.Debug|Any CPU.Build.0 = Debug|Any CPU
		{A5FB9829-2A4C-42AB-B5F6-CEAD771B5F65}.Release|Any CPU.ActiveCfg = Release|Any CPU
		{A5FB9829-2A4C-42AB-B5F6-CEAD771B5F65}.Release|Any CPU.Build.0 = Release|Any CPU
	EndGlobalSection
	GlobalSection(SolutionProperties) = preSolution
		HideSolutionNode = FALSE
	EndGlobalSection
	GlobalSection(ExtensibilityGlobals) = postSolution
		SolutionGuid = {9796D974-F5B8-43A3-8D05-8D0668A42926}
	EndGlobalSection
EndGlobal
