
Microsoft Visual Studio Solution File, Format Version 12.00
# Visual Studio Version 17
VisualStudioVersion = 17.8.34525.116
MinimumVisualStudioVersion = 10.0.40219.1
Project("{FAE04EC0-301F-11D3-BF4B-00C04F79EFBC}") = "Hafta6", "Hafta6\Hafta6.csproj", "{1ADAB9FF-6160-418A-850C-F399C13C5225}"
EndProject
Global
	GlobalSection(SolutionConfigurationPlatforms) = preSolution
		Debug|Any CPU = Debug|Any CPU
		Release|Any CPU = Release|Any CPU
	EndGlobalSection
	GlobalSection(ProjectConfigurationPlatforms) = postSolution
		{1ADAB9FF-6160-418A-850C-F399C13C5225}.Debug|Any CPU.ActiveCfg = Debug|Any CPU
		{1ADAB9FF-6160-418A-850C-F399C13C5225}.Debug|Any CPU.Build.0 = Debug|Any CPU
		{1ADAB9FF-6160-418A-850C-F399C13C5225}.Release|Any CPU.ActiveCfg = Release|Any CPU
		{1ADAB9FF-6160-418A-850C-F399C13C5225}.Release|Any CPU.Build.0 = Release|Any CPU
	EndGlobalSection
	GlobalSection(SolutionProperties) = preSolution
		HideSolutionNode = FALSE
	EndGlobalSection
	GlobalSection(ExtensibilityGlobals) = postSolution
		SolutionGuid = {EF4651CD-7D63-4F26-B9B4-E9192FDC34CE}
	EndGlobalSection
EndGlobal
